
Microsoft Visual Studio Solution File, Format Version 12.00
# Visual Studio Version 17
VisualStudioVersion = 17.11.35312.102
MinimumVisualStudioVersion = 10.0.40219.1
Project("{9A19103F-16F7-4668-BE54-9A1E7A4F7556}") = "WebServer", "WebServer\WebServer.csproj", "{E2AE9D3A-8BD0-4D0B-AD1F-B4CE18BC3230}"
EndProject
Project("{54A90642-561A-4BB1-A94E-469ADEE60C69}") = "webapp", "WebApp\webapp.esproj", "{8FEBDAAF-FE15-4E24-B89F-75E546EF88DB}"
EndProject
Global
	GlobalSection(SolutionConfigurationPlatforms) = preSolution
		Debug|Any CPU = Debug|Any CPU
		Release|Any CPU = Release|Any CPU
	EndGlobalSection
	GlobalSection(ProjectConfigurationPlatforms) = postSolution
		{E2AE9D3A-8BD0-4D0B-AD1F-B4CE18BC3230}.Debug|Any CPU.ActiveCfg = Debug|Any CPU
		{E2AE9D3A-8BD0-4D0B-AD1F-B4CE18BC3230}.Debug|Any CPU.Build.0 = Debug|Any CPU
		{E2AE9D3A-8BD0-4D0B-AD1F-B4CE18BC3230}.Release|Any CPU.ActiveCfg = Release|Any CPU
		{E2AE9D3A-8BD0-4D0B-AD1F-B4CE18BC3230}.Release|Any CPU.Build.0 = Release|Any CPU
		{8FEBDAAF-FE15-4E24-B89F-75E546EF88DB}.Debug|Any CPU.ActiveCfg = Debug|Any CPU
		{8FEBDAAF-FE15-4E24-B89F-75E546EF88DB}.Debug|Any CPU.Build.0 = Debug|Any CPU
		{8FEBDAAF-FE15-4E24-B89F-75E546EF88DB}.Debug|Any CPU.Deploy.0 = Debug|Any CPU
		{8FEBDAAF-FE15-4E24-B89F-75E546EF88DB}.Release|Any CPU.ActiveCfg = Release|Any CPU
		{8FEBDAAF-FE15-4E24-B89F-75E546EF88DB}.Release|Any CPU.Build.0 = Release|Any CPU
		{8FEBDAAF-FE15-4E24-B89F-75E546EF88DB}.Release|Any CPU.Deploy.0 = Release|Any CPU
	EndGlobalSection
	GlobalSection(SolutionProperties) = preSolution
		HideSolutionNode = FALSE
	EndGlobalSection
	GlobalSection(ExtensibilityGlobals) = postSolution
		SolutionGuid = {9719735B-3FA9-44EC-87F9-67198039EE29}
	EndGlobalSection
EndGlobal
